
Microsoft Visual Studio Solution File, Format Version 12.00
# Visual Studio Version 16
VisualStudioVersion = 16.0.29424.173
MinimumVisualStudioVersion = 10.0.40219.1
Project("{FAE04EC0-301F-11D3-BF4B-00C04F79EFBC}") = "GigHub", "GigHub\GigHub.csproj", "{4EA13D5B-C0F1-40D8-B4EE-C70D0AEE0001}"
EndProject
Global
	GlobalSection(SolutionConfigurationPlatforms) = preSolution
		Debug|Any CPU = Debug|Any CPU
		Release|Any CPU = Release|Any CPU
	EndGlobalSection
	GlobalSection(ProjectConfigurationPlatforms) = postSolution
		{4EA13D5B-C0F1-40D8-B4EE-C70D0AEE0001}.Debug|Any CPU.ActiveCfg = Debug|Any CPU
		{4EA13D5B-C0F1-40D8-B4EE-C70D0AEE0001}.Debug|Any CPU.Build.0 = Debug|Any CPU
		{4EA13D5B-C0F1-40D8-B4EE-C70D0AEE0001}.Release|Any CPU.ActiveCfg = Release|Any CPU
		{4EA13D5B-C0F1-40D8-B4EE-C70D0AEE0001}.Release|Any CPU.Build.0 = Release|Any CPU
	EndGlobalSection
	GlobalSection(SolutionProperties) = preSolution
		HideSolutionNode = FALSE
	EndGlobalSection
	GlobalSection(ExtensibilityGlobals) = postSolution
		SolutionGuid = {789B86AA-EA3E-4FF6-A090-7B123356A59F}
	EndGlobalSection
EndGlobal
